
Microsoft Visual Studio Solution File, Format Version 12.00
# Visual Studio Version 16
VisualStudioVersion = 16.0.29709.97
MinimumVisualStudioVersion = 10.0.40219.1
Project("{FAE04EC0-301F-11D3-BF4B-00C04F79EFBC}") = "WebWord", "WebWord.csproj", "{A72BCB1C-7EAB-4D1F-9694-23FC78C69581}"
EndProject
Global
	GlobalSection(SolutionConfigurationPlatforms) = preSolution
		Debug|Any CPU = Debug|Any CPU
		Release|Any CPU = Release|Any CPU
	EndGlobalSection
	GlobalSection(ProjectConfigurationPlatforms) = postSolution
		{A72BCB1C-7EAB-4D1F-9694-23FC78C69581}.Debug|Any CPU.ActiveCfg = Debug|Any CPU
		{A72BCB1C-7EAB-4D1F-9694-23FC78C69581}.Debug|Any CPU.Build.0 = Debug|Any CPU
		{A72BCB1C-7EAB-4D1F-9694-23FC78C69581}.Release|Any CPU.ActiveCfg = Release|Any CPU
		{A72BCB1C-7EAB-4D1F-9694-23FC78C69581}.Release|Any CPU.Build.0 = Release|Any CPU
	EndGlobalSection
	GlobalSection(SolutionProperties) = preSolution
		HideSolutionNode = FALSE
	EndGlobalSection
	GlobalSection(ExtensibilityGlobals) = postSolution
		SolutionGuid = {737F3C8F-25A2-4D48-81A4-3045E4D2523F}
	EndGlobalSection
EndGlobal
